// !$*UTF8*$!
{
	archiveVersion = 1;
	classes = {
	};
	objectVersion = 55;
	objects = {

/* Begin PBXBuildFile section */
		145A03EB27E8C523009B95CB /* TittleHeaderCollectionReusableView.swift in Sources */ = {isa = PBXBuildFile; fileRef = 145A03EA27E8C523009B95CB /* TittleHeaderCollectionReusableView.swift */; };
		145A03ED27EA2145009B95CB /* APICaller.swift in Sources */ = {isa = PBXBuildFile; fileRef = 145A03EC27EA2145009B95CB /* APICaller.swift */; };
		145A03EF27EA2659009B95CB /* Movies.swift in Sources */ = {isa = PBXBuildFile; fileRef = 145A03EE27EA2659009B95CB /* Movies.swift */; };
		145A03F227EA2EA6009B95CB /* AlertVC.swift in Sources */ = {isa = PBXBuildFile; fileRef = 145A03F127EA2EA6009B95CB /* AlertVC.swift */; };
		145A03F427EA39ED009B95CB /* ViewController+Ext.swift in Sources */ = {isa = PBXBuildFile; fileRef = 145A03F327EA39ED009B95CB /* ViewController+Ext.swift */; };
		145A03F627EA3E25009B95CB /* MoviesViewModel.swift in Sources */ = {isa = PBXBuildFile; fileRef = 145A03F527EA3E25009B95CB /* MoviesViewModel.swift */; };
		14C3413727E74E5A00F344C0 /* AppDelegate.swift in Sources */ = {isa = PBXBuildFile; fileRef = 14C3413627E74E5A00F344C0 /* AppDelegate.swift */; };
		14C3413927E74E5A00F344C0 /* SceneDelegate.swift in Sources */ = {isa = PBXBuildFile; fileRef = 14C3413827E74E5A00F344C0 /* SceneDelegate.swift */; };
		14C3413B27E74E5A00F344C0 /* HomeVc.swift in Sources */ = {isa = PBXBuildFile; fileRef = 14C3413A27E74E5A00F344C0 /* HomeVc.swift */; };
		14C3414027E74E5D00F344C0 /* Assets.xcassets in Resources */ = {isa = PBXBuildFile; fileRef = 14C3413F27E74E5D00F344C0 /* Assets.xcassets */; };
		14C3414327E74E5D00F344C0 /* LaunchScreen.storyboard in Resources */ = {isa = PBXBuildFile; fileRef = 14C3414127E74E5D00F344C0 /* LaunchScreen.storyboard */; };
		14C3415327E751F300F344C0 /* SearchVC.swift in Sources */ = {isa = PBXBuildFile; fileRef = 14C3415227E751F300F344C0 /* SearchVC.swift */; };
		14C3415527E7521200F344C0 /* ComingSoonVc.swift in Sources */ = {isa = PBXBuildFile; fileRef = 14C3415427E7521200F344C0 /* ComingSoonVc.swift */; };
		14C3415727E7522A00F344C0 /* DownloadsVC.swift in Sources */ = {isa = PBXBuildFile; fileRef = 14C3415627E7522A00F344C0 /* DownloadsVC.swift */; };
		14C3415927E7526600F344C0 /* MainTabBarVC.swift in Sources */ = {isa = PBXBuildFile; fileRef = 14C3415827E7526600F344C0 /* MainTabBarVC.swift */; };
		14C3415B27E7551200F344C0 /* Constants.swift in Sources */ = {isa = PBXBuildFile; fileRef = 14C3415A27E7551200F344C0 /* Constants.swift */; };
		14C3415D27E7818100F344C0 /* MainCollectionViewCell.swift in Sources */ = {isa = PBXBuildFile; fileRef = 14C3415C27E7818000F344C0 /* MainCollectionViewCell.swift */; };
		14C3418327E87D7C00F344C0 /* NetButton.swift in Sources */ = {isa = PBXBuildFile; fileRef = 14C3418227E87D7C00F344C0 /* NetButton.swift */; };
		14C3418627E8B79C00F344C0 /* TopicCollectionCell.swift in Sources */ = {isa = PBXBuildFile; fileRef = 14C3418527E8B79C00F344C0 /* TopicCollectionCell.swift */; };
		14D42C0027F9E7DC002C7D6F /* MovieViewController.swift in Sources */ = {isa = PBXBuildFile; fileRef = 14D42BFF27F9E7DC002C7D6F /* MovieViewController.swift */; };
		14D42C0227F9F8D6002C7D6F /* MoviePageView.swift in Sources */ = {isa = PBXBuildFile; fileRef = 14D42C0127F9F8D6002C7D6F /* MoviePageView.swift */; };
		14D42C0527FA4DBE002C7D6F /* YotubeModel.swift in Sources */ = {isa = PBXBuildFile; fileRef = 14D42C0427FA4DBE002C7D6F /* YotubeModel.swift */; };
		14D42C0727FA550D002C7D6F /* PreviewViewModel.swift in Sources */ = {isa = PBXBuildFile; fileRef = 14D42C0627FA550D002C7D6F /* PreviewViewModel.swift */; };
		14D42C0B27FCE00F002C7D6F /* ComingSoonCell.swift in Sources */ = {isa = PBXBuildFile; fileRef = 14D42C0A27FCE00F002C7D6F /* ComingSoonCell.swift */; };
		14D42C0D27FCE910002C7D6F /* UiView+Ext.swift in Sources */ = {isa = PBXBuildFile; fileRef = 14D42C0C27FCE910002C7D6F /* UiView+Ext.swift */; };
		14D42C0F27FCF586002C7D6F /* ComingSoonCellViewModel.swift in Sources */ = {isa = PBXBuildFile; fileRef = 14D42C0E27FCF586002C7D6F /* ComingSoonCellViewModel.swift */; };
/* End PBXBuildFile section */

/* Begin PBXFileReference section */
		145A03EA27E8C523009B95CB /* TittleHeaderCollectionReusableView.swift */ = {isa = PBXFileReference; lastKnownFileType = sourcecode.swift; path = TittleHeaderCollectionReusableView.swift; sourceTree = "<group>"; };
		145A03EC27EA2145009B95CB /* APICaller.swift */ = {isa = PBXFileReference; lastKnownFileType = sourcecode.swift; path = APICaller.swift; sourceTree = "<group>"; };
		145A03EE27EA2659009B95CB /* Movies.swift */ = {isa = PBXFileReference; lastKnownFileType = sourcecode.swift; path = Movies.swift; sourceTree = "<group>"; };
		145A03F127EA2EA6009B95CB /* AlertVC.swift */ = {isa = PBXFileReference; lastKnownFileType = sourcecode.swift; path = AlertVC.swift; sourceTree = "<group>"; };
		145A03F327EA39ED009B95CB /* ViewController+Ext.swift */ = {isa = PBXFileReference; lastKnownFileType = sourcecode.swift; path = "ViewController+Ext.swift"; sourceTree = "<group>"; };
		145A03F527EA3E25009B95CB /* MoviesViewModel.swift */ = {isa = PBXFileReference; lastKnownFileType = sourcecode.swift; path = MoviesViewModel.swift; sourceTree = "<group>"; };
		14C3413327E74E5A00F344C0 /* Netflix.app */ = {isa = PBXFileReference; explicitFileType = wrapper.application; includeInIndex = 0; path = Netflix.app; sourceTree = BUILT_PRODUCTS_DIR; };
		14C3413627E74E5A00F344C0 /* AppDelegate.swift */ = {isa = PBXFileReference; lastKnownFileType = sourcecode.swift; path = AppDelegate.swift; sourceTree = "<group>"; };
		14C3413827E74E5A00F344C0 /* SceneDelegate.swift */ = {isa = PBXFileReference; lastKnownFileType = sourcecode.swift; path = SceneDelegate.swift; sourceTree = "<group>"; };
		14C3413A27E74E5A00F344C0 /* HomeVc.swift */ = {isa = PBXFileReference; lastKnownFileType = sourcecode.swift; path = HomeVc.swift; sourceTree = "<group>"; };
		14C3413F27E74E5D00F344C0 /* Assets.xcassets */ = {isa = PBXFileReference; lastKnownFileType = folder.assetcatalog; path = Assets.xcassets; sourceTree = "<group>"; };
		14C3414227E74E5D00F344C0 /* Base */ = {isa = PBXFileReference; lastKnownFileType = file.storyboard; name = Base; path = Base.lproj/LaunchScreen.storyboard; sourceTree = "<group>"; };
		14C3414427E74E5D00F344C0 /* Info.plist */ = {isa = PBXFileReference; lastKnownFileType = text.plist.xml; path = Info.plist; sourceTree = "<group>"; };
		14C3415227E751F300F344C0 /* SearchVC.swift */ = {isa = PBXFileReference; lastKnownFileType = sourcecode.swift; path = SearchVC.swift; sourceTree = "<group>"; };
		14C3415427E7521200F344C0 /* ComingSoonVc.swift */ = {isa = PBXFileReference; lastKnownFileType = sourcecode.swift; path = ComingSoonVc.swift; sourceTree = "<group>"; };
		14C3415627E7522A00F344C0 /* DownloadsVC.swift */ = {isa = PBXFileReference; lastKnownFileType = sourcecode.swift; path = DownloadsVC.swift; sourceTree = "<group>"; };
		14C3415827E7526600F344C0 /* MainTabBarVC.swift */ = {isa = PBXFileReference; lastKnownFileType = sourcecode.swift; path = MainTabBarVC.swift; sourceTree = "<group>"; };
		14C3415A27E7551200F344C0 /* Constants.swift */ = {isa = PBXFileReference; lastKnownFileType = sourcecode.swift; path = Constants.swift; sourceTree = "<group>"; };
		14C3415C27E7818000F344C0 /* MainCollectionViewCell.swift */ = {isa = PBXFileReference; lastKnownFileType = sourcecode.swift; path = MainCollectionViewCell.swift; sourceTree = "<group>"; };
		14C3418227E87D7C00F344C0 /* NetButton.swift */ = {isa = PBXFileReference; lastKnownFileType = sourcecode.swift; path = NetButton.swift; sourceTree = "<group>"; };
		14C3418527E8B79C00F344C0 /* TopicCollectionCell.swift */ = {isa = PBXFileReference; lastKnownFileType = sourcecode.swift; path = TopicCollectionCell.swift; sourceTree = "<group>"; };
		14D42BFF27F9E7DC002C7D6F /* MovieViewController.swift */ = {isa = PBXFileReference; lastKnownFileType = sourcecode.swift; path = MovieViewController.swift; sourceTree = "<group>"; };
		14D42C0127F9F8D6002C7D6F /* MoviePageView.swift */ = {isa = PBXFileReference; lastKnownFileType = sourcecode.swift; path = MoviePageView.swift; sourceTree = "<group>"; };
		14D42C0427FA4DBE002C7D6F /* YotubeModel.swift */ = {isa = PBXFileReference; lastKnownFileType = sourcecode.swift; path = YotubeModel.swift; sourceTree = "<group>"; };
		14D42C0627FA550D002C7D6F /* PreviewViewModel.swift */ = {isa = PBXFileReference; lastKnownFileType = sourcecode.swift; path = PreviewViewModel.swift; sourceTree = "<group>"; };
		14D42C0A27FCE00F002C7D6F /* ComingSoonCell.swift */ = {isa = PBXFileReference; lastKnownFileType = sourcecode.swift; path = ComingSoonCell.swift; sourceTree = "<group>"; };
		14D42C0C27FCE910002C7D6F /* UiView+Ext.swift */ = {isa = PBXFileReference; lastKnownFileType = sourcecode.swift; path = "UiView+Ext.swift"; sourceTree = "<group>"; };
		14D42C0E27FCF586002C7D6F /* ComingSoonCellViewModel.swift */ = {isa = PBXFileReference; lastKnownFileType = sourcecode.swift; path = ComingSoonCellViewModel.swift; sourceTree = "<group>"; };
/* End PBXFileReference section */

/* Begin PBXFrameworksBuildPhase section */
		14C3413027E74E5A00F344C0 /* Frameworks */ = {
			isa = PBXFrameworksBuildPhase;
			buildActionMask = 2147483647;
			files = (
			);
			runOnlyForDeploymentPostprocessing = 0;
		};
/* End PBXFrameworksBuildPhase section */

/* Begin PBXGroup section */
		145A03E927E8C514009B95CB /* HeaderCell */ = {
			isa = PBXGroup;
			children = (
				145A03EA27E8C523009B95CB /* TittleHeaderCollectionReusableView.swift */,
			);
			path = HeaderCell;
			sourceTree = "<group>";
		};
		145A03F027EA2E82009B95CB /* ViewControllers */ = {
			isa = PBXGroup;
			children = (
				145A03F127EA2EA6009B95CB /* AlertVC.swift */,
			);
			path = ViewControllers;
			sourceTree = "<group>";
		};
		14C3412A27E74E5A00F344C0 = {
			isa = PBXGroup;
			children = (
				14C3413527E74E5A00F344C0 /* Netflix */,
				14C3413427E74E5A00F344C0 /* Products */,
			);
			sourceTree = "<group>";
		};
		14C3413427E74E5A00F344C0 /* Products */ = {
			isa = PBXGroup;
			children = (
				14C3413327E74E5A00F344C0 /* Netflix.app */,
			);
			name = Products;
			sourceTree = "<group>";
		};
		14C3413527E74E5A00F344C0 /* Netflix */ = {
			isa = PBXGroup;
			children = (
				14C3417E27E87B1700F344C0 /* Extension */,
				14C3414D27E7515E00F344C0 /* Utilites */,
				14C3414A27E7514200F344C0 /* NetworkManager */,
				14C3414B27E7515000F344C0 /* Model */,
				14C3414E27E7516900F344C0 /* View */,
				14C3414C27E7515500F344C0 /* View Model */,
				14C3414F27E7517400F344C0 /* View controller */,
				14C3413627E74E5A00F344C0 /* AppDelegate.swift */,
				14C3413827E74E5A00F344C0 /* SceneDelegate.swift */,
				14C3413F27E74E5D00F344C0 /* Assets.xcassets */,
				14C3414127E74E5D00F344C0 /* LaunchScreen.storyboard */,
				14C3414427E74E5D00F344C0 /* Info.plist */,
			);
			path = Netflix;
			sourceTree = "<group>";
		};
		14C3414A27E7514200F344C0 /* NetworkManager */ = {
			isa = PBXGroup;
			children = (
				145A03EC27EA2145009B95CB /* APICaller.swift */,
			);
			path = NetworkManager;
			sourceTree = "<group>";
		};
		14C3414B27E7515000F344C0 /* Model */ = {
			isa = PBXGroup;
			children = (
				145A03EE27EA2659009B95CB /* Movies.swift */,
				14D42C0427FA4DBE002C7D6F /* YotubeModel.swift */,
			);
			path = Model;
			sourceTree = "<group>";
		};
		14C3414C27E7515500F344C0 /* View Model */ = {
			isa = PBXGroup;
			children = (
				145A03F527EA3E25009B95CB /* MoviesViewModel.swift */,
				14D42C0627FA550D002C7D6F /* PreviewViewModel.swift */,
				14D42C0E27FCF586002C7D6F /* ComingSoonCellViewModel.swift */,
			);
			name = "View Model";
			sourceTree = "<group>";
		};
		14C3414D27E7515E00F344C0 /* Utilites */ = {
			isa = PBXGroup;
			children = (
				14C3415A27E7551200F344C0 /* Constants.swift */,
			);
			path = Utilites;
			sourceTree = "<group>";
		};
		14C3414E27E7516900F344C0 /* View */ = {
			isa = PBXGroup;
			children = (
				14D42C0327FA2A13002C7D6F /* ContainerView */,
				145A03F027EA2E82009B95CB /* ViewControllers */,
				145A03E927E8C514009B95CB /* HeaderCell */,
				14C3418427E8AF1400F344C0 /* Cell */,
				14C3418127E87D6200F344C0 /* Buttons */,
			);
			path = View;
			sourceTree = "<group>";
		};
		14C3414F27E7517400F344C0 /* View controller */ = {
			isa = PBXGroup;
			children = (
				14C3415127E7518500F344C0 /* Other */,
				14C3415027E7517F00F344C0 /* Core */,
			);
			path = "View controller";
			sourceTree = "<group>";
		};
		14C3415027E7517F00F344C0 /* Core */ = {
			isa = PBXGroup;
			children = (
				14C3413A27E74E5A00F344C0 /* HomeVc.swift */,
				14C3415427E7521200F344C0 /* ComingSoonVc.swift */,
				14C3415227E751F300F344C0 /* SearchVC.swift */,
				14C3415627E7522A00F344C0 /* DownloadsVC.swift */,
				14C3415827E7526600F344C0 /* MainTabBarVC.swift */,
			);
			path = Core;
			sourceTree = "<group>";
		};
		14C3415127E7518500F344C0 /* Other */ = {
			isa = PBXGroup;
			children = (
				14D42BFF27F9E7DC002C7D6F /* MovieViewController.swift */,
			);
			path = Other;
			sourceTree = "<group>";
		};
		14C3417E27E87B1700F344C0 /* Extension */ = {
			isa = PBXGroup;
			children = (
				145A03F327EA39ED009B95CB /* ViewController+Ext.swift */,
				14D42C0C27FCE910002C7D6F /* UiView+Ext.swift */,
			);
			path = Extension;
			sourceTree = "<group>";
		};
		14C3418127E87D6200F344C0 /* Buttons */ = {
			isa = PBXGroup;
			children = (
				14C3418227E87D7C00F344C0 /* NetButton.swift */,
			);
			path = Buttons;
			sourceTree = "<group>";
		};
		14C3418427E8AF1400F344C0 /* Cell */ = {
			isa = PBXGroup;
			children = (
				14D42C0927FCDFF2002C7D6F /* TableVIew */,
				14D42C0827FCDFE5002C7D6F /* CollectionView */,
			);
			path = Cell;
			sourceTree = "<group>";
		};
		14D42C0327FA2A13002C7D6F /* ContainerView */ = {
			isa = PBXGroup;
			children = (
				14D42C0127F9F8D6002C7D6F /* MoviePageView.swift */,
			);
			path = ContainerView;
			sourceTree = "<group>";
		};
		14D42C0827FCDFE5002C7D6F /* CollectionView */ = {
			isa = PBXGroup;
			children = (
				14C3415C27E7818000F344C0 /* MainCollectionViewCell.swift */,
				14C3418527E8B79C00F344C0 /* TopicCollectionCell.swift */,
			);
			path = CollectionView;
			sourceTree = "<group>";
		};
		14D42C0927FCDFF2002C7D6F /* TableVIew */ = {
			isa = PBXGroup;
			children = (
				14D42C0A27FCE00F002C7D6F /* ComingSoonCell.swift */,
			);
			path = TableVIew;
			sourceTree = "<group>";
		};
/* End PBXGroup section */

/* Begin PBXNativeTarget section */
		14C3413227E74E5A00F344C0 /* Netflix */ = {
			isa = PBXNativeTarget;
			buildConfigurationList = 14C3414727E74E5D00F344C0 /* Build configuration list for PBXNativeTarget "Netflix" */;
			buildPhases = (
				14C3412F27E74E5A00F344C0 /* Sources */,
				14C3413027E74E5A00F344C0 /* Frameworks */,
				14C3413127E74E5A00F344C0 /* Resources */,
			);
			buildRules = (
			);
			dependencies = (
			);
			name = Netflix;
			productName = Netflix;
			productReference = 14C3413327E74E5A00F344C0 /* Netflix.app */;
			productType = "com.apple.product-type.application";
		};
/* End PBXNativeTarget section */

/* Begin PBXProject section */
		14C3412B27E74E5A00F344C0 /* Project object */ = {
			isa = PBXProject;
			attributes = {
				BuildIndependentTargetsInParallel = 1;
				LastSwiftUpdateCheck = 1320;
				LastUpgradeCheck = 1320;
				TargetAttributes = {
					14C3413227E74E5A00F344C0 = {
						CreatedOnToolsVersion = 13.2.1;
					};
				};
			};
			buildConfigurationList = 14C3412E27E74E5A00F344C0 /* Build configuration list for PBXProject "Netflix" */;
			compatibilityVersion = "Xcode 13.0";
			developmentRegion = en;
			hasScannedForEncodings = 0;
			knownRegions = (
				en,
				Base,
			);
			mainGroup = 14C3412A27E74E5A00F344C0;
			productRefGroup = 14C3413427E74E5A00F344C0 /* Products */;
			projectDirPath = "";
			projectRoot = "";
			targets = (
				14C3413227E74E5A00F344C0 /* Netflix */,
			);
		};
/* End PBXProject section */

/* Begin PBXResourcesBuildPhase section */
		14C3413127E74E5A00F344C0 /* Resources */ = {
			isa = PBXResourcesBuildPhase;
			buildActionMask = 2147483647;
			files = (
				14C3414327E74E5D00F344C0 /* LaunchScreen.storyboard in Resources */,
				14C3414027E74E5D00F344C0 /* Assets.xcassets in Resources */,
			);
			runOnlyForDeploymentPostprocessing = 0;
		};
/* End PBXResourcesBuildPhase section */

/* Begin PBXSourcesBuildPhase section */
		14C3412F27E74E5A00F344C0 /* Sources */ = {
			isa = PBXSourcesBuildPhase;
			buildActionMask = 2147483647;
			files = (
				145A03F627EA3E25009B95CB /* MoviesViewModel.swift in Sources */,
				14D42C0727FA550D002C7D6F /* PreviewViewModel.swift in Sources */,
				14C3415727E7522A00F344C0 /* DownloadsVC.swift in Sources */,
				14C3415D27E7818100F344C0 /* MainCollectionViewCell.swift in Sources */,
				145A03ED27EA2145009B95CB /* APICaller.swift in Sources */,
				14C3418627E8B79C00F344C0 /* TopicCollectionCell.swift in Sources */,
				14D42C0227F9F8D6002C7D6F /* MoviePageView.swift in Sources */,
				145A03EF27EA2659009B95CB /* Movies.swift in Sources */,
				14C3415327E751F300F344C0 /* SearchVC.swift in Sources */,
				14C3413B27E74E5A00F344C0 /* HomeVc.swift in Sources */,
				14C3418327E87D7C00F344C0 /* NetButton.swift in Sources */,
				14D42C0527FA4DBE002C7D6F /* YotubeModel.swift in Sources */,
				145A03F227EA2EA6009B95CB /* AlertVC.swift in Sources */,
				14D42C0F27FCF586002C7D6F /* ComingSoonCellViewModel.swift in Sources */,
				14D42C0B27FCE00F002C7D6F /* ComingSoonCell.swift in Sources */,
				145A03F427EA39ED009B95CB /* ViewController+Ext.swift in Sources */,
				14C3413727E74E5A00F344C0 /* AppDelegate.swift in Sources */,
				14D42C0027F9E7DC002C7D6F /* MovieViewController.swift in Sources */,
				14C3415927E7526600F344C0 /* MainTabBarVC.swift in Sources */,
				14C3415B27E7551200F344C0 /* Constants.swift in Sources */,
				14D42C0D27FCE910002C7D6F /* UiView+Ext.swift in Sources */,
				145A03EB27E8C523009B95CB /* TittleHeaderCollectionReusableView.swift in Sources */,
				14C3413927E74E5A00F344C0 /* SceneDelegate.swift in Sources */,
				14C3415527E7521200F344C0 /* ComingSoonVc.swift in Sources */,
			);
			runOnlyForDeploymentPostprocessing = 0;
		};
/* End PBXSourcesBuildPhase section */

/* Begin PBXVariantGroup section */
		14C3414127E74E5D00F344C0 /* LaunchScreen.storyboard */ = {
			isa = PBXVariantGroup;
			children = (
				14C3414227E74E5D00F344C0 /* Base */,
			);
			name = LaunchScreen.storyboard;
			sourceTree = "<group>";
		};
/* End PBXVariantGroup section */

/* Begin XCBuildConfiguration section */
		14C3414527E74E5D00F344C0 /* Debug */ = {
			isa = XCBuildConfiguration;
			buildSettings = {
				ALWAYS_SEARCH_USER_PATHS = NO;
				CLANG_ANALYZER_NONNULL = YES;
				CLANG_ANALYZER_NUMBER_OBJECT_CONVERSION = YES_AGGRESSIVE;
				CLANG_CXX_LANGUAGE_STANDARD = "gnu++17";
				CLANG_CXX_LIBRARY = "libc++";
				CLANG_ENABLE_MODULES = YES;
				CLANG_ENABLE_OBJC_ARC = YES;
				CLANG_ENABLE_OBJC_WEAK = YES;
				CLANG_WARN_BLOCK_CAPTURE_AUTORELEASING = YES;
				CLANG_WARN_BOOL_CONVERSION = YES;
				CLANG_WARN_COMMA = YES;
				CLANG_WARN_CONSTANT_CONVERSION = YES;
				CLANG_WARN_DEPRECATED_OBJC_IMPLEMENTATIONS = YES;
				CLANG_WARN_DIRECT_OBJC_ISA_USAGE = YES_ERROR;
				CLANG_WARN_DOCUMENTATION_COMMENTS = YES;
				CLANG_WARN_EMPTY_BODY = YES;
				CLANG_WARN_ENUM_CONVERSION = YES;
				CLANG_WARN_INFINITE_RECURSION = YES;
				CLANG_WARN_INT_CONVERSION = YES;
				CLANG_WARN_NON_LITERAL_NULL_CONVERSION = YES;
				CLANG_WARN_OBJC_IMPLICIT_RETAIN_SELF = YES;
				CLANG_WARN_OBJC_LITERAL_CONVERSION = YES;
				CLANG_WARN_OBJC_ROOT_CLASS = YES_ERROR;
				CLANG_WARN_QUOTED_INCLUDE_IN_FRAMEWORK_HEADER = YES;
				CLANG_WARN_RANGE_LOOP_ANALYSIS = YES;
				CLANG_WARN_STRICT_PROTOTYPES = YES;
				CLANG_WARN_SUSPICIOUS_MOVE = YES;
				CLANG_WARN_UNGUARDED_AVAILABILITY = YES_AGGRESSIVE;
				CLANG_WARN_UNREACHABLE_CODE = YES;
				CLANG_WARN__DUPLICATE_METHOD_MATCH = YES;
				COPY_PHASE_STRIP = NO;
				DEBUG_INFORMATION_FORMAT = dwarf;
				ENABLE_STRICT_OBJC_MSGSEND = YES;
				ENABLE_TESTABILITY = YES;
				GCC_C_LANGUAGE_STANDARD = gnu11;
				GCC_DYNAMIC_NO_PIC = NO;
				GCC_NO_COMMON_BLOCKS = YES;
				GCC_OPTIMIZATION_LEVEL = 0;
				GCC_PREPROCESSOR_DEFINITIONS = (
					"DEBUG=1",
					"$(inherited)",
				);
				GCC_WARN_64_TO_32_BIT_CONVERSION = YES;
				GCC_WARN_ABOUT_RETURN_TYPE = YES_ERROR;
				GCC_WARN_UNDECLARED_SELECTOR = YES;
				GCC_WARN_UNINITIALIZED_AUTOS = YES_AGGRESSIVE;
				GCC_WARN_UNUSED_FUNCTION = YES;
				GCC_WARN_UNUSED_VARIABLE = YES;
				IPHONEOS_DEPLOYMENT_TARGET = 15.2;
				MTL_ENABLE_DEBUG_INFO = INCLUDE_SOURCE;
				MTL_FAST_MATH = YES;
				ONLY_ACTIVE_ARCH = YES;
				SDKROOT = iphoneos;
				SWIFT_ACTIVE_COMPILATION_CONDITIONS = DEBUG;
				SWIFT_OPTIMIZATION_LEVEL = "-Onone";
			};
			name = Debug;
		};
		14C3414627E74E5D00F344C0 /* Release */ = {
			isa = XCBuildConfiguration;
			buildSettings = {
				ALWAYS_SEARCH_USER_PATHS = NO;
				CLANG_ANALYZER_NONNULL = YES;
				CLANG_ANALYZER_NUMBER_OBJECT_CONVERSION = YES_AGGRESSIVE;
				CLANG_CXX_LANGUAGE_STANDARD = "gnu++17";
				CLANG_CXX_LIBRARY = "libc++";
				CLANG_ENABLE_MODULES = YES;
				CLANG_ENABLE_OBJC_ARC = YES;
				CLANG_ENABLE_OBJC_WEAK = YES;
				CLANG_WARN_BLOCK_CAPTURE_AUTORELEASING = YES;
				CLANG_WARN_BOOL_CONVERSION = YES;
				CLANG_WARN_COMMA = YES;
				CLANG_WARN_CONSTANT_CONVERSION = YES;
				CLANG_WARN_DEPRECATED_OBJC_IMPLEMENTATIONS = YES;
				CLANG_WARN_DIRECT_OBJC_ISA_USAGE = YES_ERROR;
				CLANG_WARN_DOCUMENTATION_COMMENTS = YES;
				CLANG_WARN_EMPTY_BODY = YES;
				CLANG_WARN_ENUM_CONVERSION = YES;
				CLANG_WARN_INFINITE_RECURSION = YES;
				CLANG_WARN_INT_CONVERSION = YES;
				CLANG_WARN_NON_LITERAL_NULL_CONVERSION = YES;
				CLANG_WARN_OBJC_IMPLICIT_RETAIN_SELF = YES;
				CLANG_WARN_OBJC_LITERAL_CONVERSION = YES;
				CLANG_WARN_OBJC_ROOT_CLASS = YES_ERROR;
				CLANG_WARN_QUOTED_INCLUDE_IN_FRAMEWORK_HEADER = YES;
				CLANG_WARN_RANGE_LOOP_ANALYSIS = YES;
				CLANG_WARN_STRICT_PROTOTYPES = YES;
				CLANG_WARN_SUSPICIOUS_MOVE = YES;
				CLANG_WARN_UNGUARDED_AVAILABILITY = YES_AGGRESSIVE;
				CLANG_WARN_UNREACHABLE_CODE = YES;
				CLANG_WARN__DUPLICATE_METHOD_MATCH = YES;
				COPY_PHASE_STRIP = NO;
				DEBUG_INFORMATION_FORMAT = "dwarf-with-dsym";
				ENABLE_NS_ASSERTIONS = NO;
				ENABLE_STRICT_OBJC_MSGSEND = YES;
				GCC_C_LANGUAGE_STANDARD = gnu11;
				GCC_NO_COMMON_BLOCKS = YES;
				GCC_WARN_64_TO_32_BIT_CONVERSION = YES;
				GCC_WARN_ABOUT_RETURN_TYPE = YES_ERROR;
				GCC_WARN_UNDECLARED_SELECTOR = YES;
				GCC_WARN_UNINITIALIZED_AUTOS = YES_AGGRESSIVE;
				GCC_WARN_UNUSED_FUNCTION = YES;
				GCC_WARN_UNUSED_VARIABLE = YES;
				IPHONEOS_DEPLOYMENT_TARGET = 15.2;
				MTL_ENABLE_DEBUG_INFO = NO;
				MTL_FAST_MATH = YES;
				SDKROOT = iphoneos;
				SWIFT_COMPILATION_MODE = wholemodule;
				SWIFT_OPTIMIZATION_LEVEL = "-O";
				VALIDATE_PRODUCT = YES;
			};
			name = Release;
		};
		14C3414827E74E5D00F344C0 /* Debug */ = {
			isa = XCBuildConfiguration;
			buildSettings = {
				ASSETCATALOG_COMPILER_APPICON_NAME = AppIcon;
				ASSETCATALOG_COMPILER_GLOBAL_ACCENT_COLOR_NAME = AccentColor;
				CODE_SIGN_STYLE = Automatic;
				CURRENT_PROJECT_VERSION = 1;
				DEVELOPMENT_TEAM = WF883538RU;
				GENERATE_INFOPLIST_FILE = YES;
				INFOPLIST_FILE = Netflix/Info.plist;
				INFOPLIST_KEY_UIApplicationSupportsIndirectInputEvents = YES;
				INFOPLIST_KEY_UILaunchStoryboardName = LaunchScreen;
				INFOPLIST_KEY_UISupportedInterfaceOrientations_iPad = "UIInterfaceOrientationPortrait UIInterfaceOrientationPortraitUpsideDown UIInterfaceOrientationLandscapeLeft UIInterfaceOrientationLandscapeRight";
				INFOPLIST_KEY_UISupportedInterfaceOrientations_iPhone = "UIInterfaceOrientationPortrait UIInterfaceOrientationLandscapeLeft UIInterfaceOrientationLandscapeRight";
				LD_RUNPATH_SEARCH_PATHS = (
					"$(inherited)",
					"@executable_path/Frameworks",
				);
				MARKETING_VERSION = 1.0;
				PRODUCT_BUNDLE_IDENTIFIER = oday.Netflix;
				PRODUCT_NAME = "$(TARGET_NAME)";
				SWIFT_EMIT_LOC_STRINGS = YES;
				SWIFT_VERSION = 5.0;
				TARGETED_DEVICE_FAMILY = "1,2";
			};
			name = Debug;
		};
		14C3414927E74E5D00F344C0 /* Release */ = {
			isa = XCBuildConfiguration;
			buildSettings = {
				ASSETCATALOG_COMPILER_APPICON_NAME = AppIcon;
				ASSETCATALOG_COMPILER_GLOBAL_ACCENT_COLOR_NAME = AccentColor;
				CODE_SIGN_STYLE = Automatic;
				CURRENT_PROJECT_VERSION = 1;
				DEVELOPMENT_TEAM = WF883538RU;
				GENERATE_INFOPLIST_FILE = YES;
				INFOPLIST_FILE = Netflix/Info.plist;
				INFOPLIST_KEY_UIApplicationSupportsIndirectInputEvents = YES;
				INFOPLIST_KEY_UILaunchStoryboardName = LaunchScreen;
				INFOPLIST_KEY_UISupportedInterfaceOrientations_iPad = "UIInterfaceOrientationPortrait UIInterfaceOrientationPortraitUpsideDown UIInterfaceOrientationLandscapeLeft UIInterfaceOrientationLandscapeRight";
				INFOPLIST_KEY_UISupportedInterfaceOrientations_iPhone = "UIInterfaceOrientationPortrait UIInterfaceOrientationLandscapeLeft UIInterfaceOrientationLandscapeRight";
				LD_RUNPATH_SEARCH_PATHS = (
					"$(inherited)",
					"@executable_path/Frameworks",
				);
				MARKETING_VERSION = 1.0;
				PRODUCT_BUNDLE_IDENTIFIER = oday.Netflix;
				PRODUCT_NAME = "$(TARGET_NAME)";
				SWIFT_EMIT_LOC_STRINGS = YES;
				SWIFT_VERSION = 5.0;
				TARGETED_DEVICE_FAMILY = "1,2";
			};
			name = Release;
		};
/* End XCBuildConfiguration section */

/* Begin XCConfigurationList section */
		14C3412E27E74E5A00F344C0 /* Build configuration list for PBXProject "Netflix" */ = {
			isa = XCConfigurationList;
			buildConfigurations = (
				14C3414527E74E5D00F344C0 /* Debug */,
				14C3414627E74E5D00F344C0 /* Release */,
			);
			defaultConfigurationIsVisible = 0;
			defaultConfigurationName = Release;
		};
		14C3414727E74E5D00F344C0 /* Build configuration list for PBXNativeTarget "Netflix" */ = {
			isa = XCConfigurationList;
			buildConfigurations = (
				14C3414827E74E5D00F344C0 /* Debug */,
				14C3414927E74E5D00F344C0 /* Release */,
			);
			defaultConfigurationIsVisible = 0;
			defaultConfigurationName = Release;
		};
/* End XCConfigurationList section */
	};
	rootObject = 14C3412B27E74E5A00F344C0 /* Project object */;
}
